// !$*UTF8*$!
{
	archiveVersion = 1;
	classes = {
	};
	objectVersion = 50;
	objects = {

/* Begin PBXBuildFile section */
		84BCACFF2620D1A50074062C /* AppDelegate.swift in Sources */ = {isa = PBXBuildFile; fileRef = 84BCACFE2620D1A50074062C /* AppDelegate.swift */; };
		84BCAD012620D1A50074062C /* SceneDelegate.swift in Sources */ = {isa = PBXBuildFile; fileRef = 84BCAD002620D1A50074062C /* SceneDelegate.swift */; };
		84BCAD032620D1A50074062C /* ViewController.swift in Sources */ = {isa = PBXBuildFile; fileRef = 84BCAD022620D1A50074062C /* ViewController.swift */; };
		84BCAD062620D1A50074062C /* Main.storyboard in Resources */ = {isa = PBXBuildFile; fileRef = 84BCAD042620D1A50074062C /* Main.storyboard */; };
		84BCAD082620D1A60074062C /* Assets.xcassets in Resources */ = {isa = PBXBuildFile; fileRef = 84BCAD072620D1A60074062C /* Assets.xcassets */; };
		84BCAD0B2620D1A60074062C /* LaunchScreen.storyboard in Resources */ = {isa = PBXBuildFile; fileRef = 84BCAD092620D1A60074062C /* LaunchScreen.storyboard */; };
		84BCAD1426239B7D0074062C /* RedViewController.swift in Sources */ = {isa = PBXBuildFile; fileRef = 84BCAD1326239B7D0074062C /* RedViewController.swift */; };
/* End PBXBuildFile section */

/* Begin PBXFileReference section */
		84BCACFB2620D1A50074062C /* LoggingScreen.app */ = {isa = PBXFileReference; explicitFileType = wrapper.application; includeInIndex = 0; path = LoggingScreen.app; sourceTree = BUILT_PRODUCTS_DIR; };
		84BCACFE2620D1A50074062C /* AppDelegate.swift */ = {isa = PBXFileReference; lastKnownFileType = sourcecode.swift; path = AppDelegate.swift; sourceTree = "<group>"; };
		84BCAD002620D1A50074062C /* SceneDelegate.swift */ = {isa = PBXFileReference; lastKnownFileType = sourcecode.swift; path = SceneDelegate.swift; sourceTree = "<group>"; };
		84BCAD022620D1A50074062C /* ViewController.swift */ = {isa = PBXFileReference; lastKnownFileType = sourcecode.swift; path = ViewController.swift; sourceTree = "<group>"; };
		84BCAD052620D1A50074062C /* Base */ = {isa = PBXFileReference; lastKnownFileType = file.storyboard; name = Base; path = Base.lproj/Main.storyboard; sourceTree = "<group>"; };
		84BCAD072620D1A60074062C /* Assets.xcassets */ = {isa = PBXFileReference; lastKnownFileType = folder.assetcatalog; path = Assets.xcassets; sourceTree = "<group>"; };
		84BCAD0A2620D1A60074062C /* Base */ = {isa = PBXFileReference; lastKnownFileType = file.storyboard; name = Base; path = Base.lproj/LaunchScreen.storyboard; sourceTree = "<group>"; };
		84BCAD0C2620D1A60074062C /* Info.plist */ = {isa = PBXFileReference; lastKnownFileType = text.plist.xml; name = Info.plist; path = LoggingScreen/Resources/Info.plist; sourceTree = SOURCE_ROOT; };
		84BCAD1326239B7D0074062C /* RedViewController.swift */ = {isa = PBXFileReference; lastKnownFileType = sourcecode.swift; path = RedViewController.swift; sourceTree = "<group>"; };
/* End PBXFileReference section */

/* Begin PBXFrameworksBuildPhase section */
		84BCACF82620D1A50074062C /* Frameworks */ = {
			isa = PBXFrameworksBuildPhase;
			buildActionMask = 2147483647;
			files = (
			);
			runOnlyForDeploymentPostprocessing = 0;
		};
/* End PBXFrameworksBuildPhase section */

/* Begin PBXGroup section */
		84BCACF22620D1A50074062C = {
			isa = PBXGroup;
			children = (
				84BCACFD2620D1A50074062C /* LoggingScreen */,
				84BCACFC2620D1A50074062C /* Products */,
			);
			sourceTree = "<group>";
		};
		84BCACFC2620D1A50074062C /* Products */ = {
			isa = PBXGroup;
			children = (
				84BCACFB2620D1A50074062C /* LoggingScreen.app */,
			);
			name = Products;
			sourceTree = "<group>";
		};
		84BCACFD2620D1A50074062C /* LoggingScreen */ = {
			isa = PBXGroup;
			children = (
				84BCAD1A26248AF20074062C /* Resources */,
				84BCAD1926248ADB0074062C /* Supporting files */,
				84BCAD18262489F50074062C /* Controller */,
				84BCAD17262489EE0074062C /* View */,
				84BCAD16262489DE0074062C /* Model */,
			);
			path = LoggingScreen;
			sourceTree = "<group>";
		};
		84BCAD16262489DE0074062C /* Model */ = {
			isa = PBXGroup;
			children = (
			);
			path = Model;
			sourceTree = "<group>";
		};
		84BCAD17262489EE0074062C /* View */ = {
			isa = PBXGroup;
			children = (
				84BCAD002620D1A50074062C /* SceneDelegate.swift */,
				84BCAD092620D1A60074062C /* LaunchScreen.storyboard */,
				84BCAD042620D1A50074062C /* Main.storyboard */,
			);
			path = View;
			sourceTree = "<group>";
		};
		84BCAD18262489F50074062C /* Controller */ = {
			isa = PBXGroup;
			children = (
				84BCAD022620D1A50074062C /* ViewController.swift */,
				84BCAD1326239B7D0074062C /* RedViewController.swift */,
			);
			path = Controller;
			sourceTree = "<group>";
		};
		84BCAD1926248ADB0074062C /* Supporting files */ = {
			isa = PBXGroup;
			children = (
				84BCACFE2620D1A50074062C /* AppDelegate.swift */,
			);
			path = "Supporting files";
			sourceTree = "<group>";
		};
		84BCAD1A26248AF20074062C /* Resources */ = {
			isa = PBXGroup;
			children = (
				84BCAD0C2620D1A60074062C /* Info.plist */,
				84BCAD072620D1A60074062C /* Assets.xcassets */,
			);
			path = Resources;
			sourceTree = "<group>";
		};
/* End PBXGroup section */

/* Begin PBXNativeTarget section */
		84BCACFA2620D1A50074062C /* LoggingScreen */ = {
			isa = PBXNativeTarget;
			buildConfigurationList = 84BCAD0F2620D1A60074062C /* Build configuration list for PBXNativeTarget "LoggingScreen" */;
			buildPhases = (
				84BCACF72620D1A50074062C /* Sources */,
				84BCACF82620D1A50074062C /* Frameworks */,
				84BCACF92620D1A50074062C /* Resources */,
			);
			buildRules = (
			);
			dependencies = (
			);
			name = LoggingScreen;
			productName = LoggingScreen;
			productReference = 84BCACFB2620D1A50074062C /* LoggingScreen.app */;
			productType = "com.apple.product-type.application";
		};
/* End PBXNativeTarget section */

/* Begin PBXProject section */
		84BCACF32620D1A50074062C /* Project object */ = {
			isa = PBXProject;
			attributes = {
				LastSwiftUpdateCheck = 1240;
				LastUpgradeCheck = 1240;
				TargetAttributes = {
					84BCACFA2620D1A50074062C = {
						CreatedOnToolsVersion = 12.4;
					};
				};
			};
			buildConfigurationList = 84BCACF62620D1A50074062C /* Build configuration list for PBXProject "LoggingScreen" */;
			compatibilityVersion = "Xcode 9.3";
			developmentRegion = en;
			hasScannedForEncodings = 0;
			knownRegions = (
				en,
				Base,
			);
			mainGroup = 84BCACF22620D1A50074062C;
			productRefGroup = 84BCACFC2620D1A50074062C /* Products */;
			projectDirPath = "";
			projectRoot = "";
			targets = (
				84BCACFA2620D1A50074062C /* LoggingScreen */,
			);
		};
/* End PBXProject section */

/* Begin PBXResourcesBuildPhase section */
		84BCACF92620D1A50074062C /* Resources */ = {
			isa = PBXResourcesBuildPhase;
			buildActionMask = 2147483647;
			files = (
				84BCAD0B2620D1A60074062C /* LaunchScreen.storyboard in Resources */,
				84BCAD082620D1A60074062C /* Assets.xcassets in Resources */,
				84BCAD062620D1A50074062C /* Main.storyboard in Resources */,
			);
			runOnlyForDeploymentPostprocessing = 0;
		};
/* End PBXResourcesBuildPhase section */

/* Begin PBXSourcesBuildPhase section */
		84BCACF72620D1A50074062C /* Sources */ = {
			isa = PBXSourcesBuildPhase;
			buildActionMask = 2147483647;
			files = (
				84BCAD1426239B7D0074062C /* RedViewController.swift in Sources */,
				84BCAD032620D1A50074062C /* ViewController.swift in Sources */,
				84BCACFF2620D1A50074062C /* AppDelegate.swift in Sources */,
				84BCAD012620D1A50074062C /* SceneDelegate.swift in Sources */,
			);
			runOnlyForDeploymentPostprocessing = 0;
		};
/* End PBXSourcesBuildPhase section */

/* Begin PBXVariantGroup section */
		84BCAD042620D1A50074062C /* Main.storyboard */ = {
			isa = PBXVariantGroup;
			children = (
				84BCAD052620D1A50074062C /* Base */,
			);
			name = Main.storyboard;
			sourceTree = "<group>";
		};
		84BCAD092620D1A60074062C /* LaunchScreen.storyboard */ = {
			isa = PBXVariantGroup;
			children = (
				84BCAD0A2620D1A60074062C /* Base */,
			);
			name = LaunchScreen.storyboard;
			sourceTree = "<group>";
		};
/* End PBXVariantGroup section */

/* Begin XCBuildConfiguration section */
		84BCAD0D2620D1A60074062C /* Debug */ = {
			isa = XCBuildConfiguration;
			buildSettings = {
				ALWAYS_SEARCH_USER_PATHS = NO;
				CLANG_ANALYZER_NONNULL = YES;
				CLANG_ANALYZER_NUMBER_OBJECT_CONVERSION = YES_AGGRESSIVE;
				CLANG_CXX_LANGUAGE_STANDARD = "gnu++14";
				CLANG_CXX_LIBRARY = "libc++";
				CLANG_ENABLE_MODULES = YES;
				CLANG_ENABLE_OBJC_ARC = YES;
				CLANG_ENABLE_OBJC_WEAK = YES;
				CLANG_WARN_BLOCK_CAPTURE_AUTORELEASING = YES;
				CLANG_WARN_BOOL_CONVERSION = YES;
				CLANG_WARN_COMMA = YES;
				CLANG_WARN_CONSTANT_CONVERSION = YES;
				CLANG_WARN_DEPRECATED_OBJC_IMPLEMENTATIONS = YES;
				CLANG_WARN_DIRECT_OBJC_ISA_USAGE = YES_ERROR;
				CLANG_WARN_DOCUMENTATION_COMMENTS = YES;
				CLANG_WARN_EMPTY_BODY = YES;
				CLANG_WARN_ENUM_CONVERSION = YES;
				CLANG_WARN_INFINITE_RECURSION = YES;
				CLANG_WARN_INT_CONVERSION = YES;
				CLANG_WARN_NON_LITERAL_NULL_CONVERSION = YES;
				CLANG_WARN_OBJC_IMPLICIT_RETAIN_SELF = YES;
				CLANG_WARN_OBJC_LITERAL_CONVERSION = YES;
				CLANG_WARN_OBJC_ROOT_CLASS = YES_ERROR;
				CLANG_WARN_QUOTED_INCLUDE_IN_FRAMEWORK_HEADER = YES;
				CLANG_WARN_RANGE_LOOP_ANALYSIS = YES;
				CLANG_WARN_STRICT_PROTOTYPES = YES;
				CLANG_WARN_SUSPICIOUS_MOVE = YES;
				CLANG_WARN_UNGUARDED_AVAILABILITY = YES_AGGRESSIVE;
				CLANG_WARN_UNREACHABLE_CODE = YES;
				CLANG_WARN__DUPLICATE_METHOD_MATCH = YES;
				COPY_PHASE_STRIP = NO;
				DEBUG_INFORMATION_FORMAT = dwarf;
				ENABLE_STRICT_OBJC_MSGSEND = YES;
				ENABLE_TESTABILITY = YES;
				GCC_C_LANGUAGE_STANDARD = gnu11;
				GCC_DYNAMIC_NO_PIC = NO;
				GCC_NO_COMMON_BLOCKS = YES;
				GCC_OPTIMIZATION_LEVEL = 0;
				GCC_PREPROCESSOR_DEFINITIONS = (
					"DEBUG=1",
					"$(inherited)",
				);
				GCC_WARN_64_TO_32_BIT_CONVERSION = YES;
				GCC_WARN_ABOUT_RETURN_TYPE = YES_ERROR;
				GCC_WARN_UNDECLARED_SELECTOR = YES;
				GCC_WARN_UNINITIALIZED_AUTOS = YES_AGGRESSIVE;
				GCC_WARN_UNUSED_FUNCTION = YES;
				GCC_WARN_UNUSED_VARIABLE = YES;
				IPHONEOS_DEPLOYMENT_TARGET = 14.4;
				MTL_ENABLE_DEBUG_INFO = INCLUDE_SOURCE;
				MTL_FAST_MATH = YES;
				ONLY_ACTIVE_ARCH = YES;
				SDKROOT = iphoneos;
				SWIFT_ACTIVE_COMPILATION_CONDITIONS = DEBUG;
				SWIFT_OPTIMIZATION_LEVEL = "-Onone";
			};
			name = Debug;
		};
		84BCAD0E2620D1A60074062C /* Release */ = {
			isa = XCBuildConfiguration;
			buildSettings = {
				ALWAYS_SEARCH_USER_PATHS = NO;
				CLANG_ANALYZER_NONNULL = YES;
				CLANG_ANALYZER_NUMBER_OBJECT_CONVERSION = YES_AGGRESSIVE;
				CLANG_CXX_LANGUAGE_STANDARD = "gnu++14";
				CLANG_CXX_LIBRARY = "libc++";
				CLANG_ENABLE_MODULES = YES;
				CLANG_ENABLE_OBJC_ARC = YES;
				CLANG_ENABLE_OBJC_WEAK = YES;
				CLANG_WARN_BLOCK_CAPTURE_AUTORELEASING = YES;
				CLANG_WARN_BOOL_CONVERSION = YES;
				CLANG_WARN_COMMA = YES;
				CLANG_WARN_CONSTANT_CONVERSION = YES;
				CLANG_WARN_DEPRECATED_OBJC_IMPLEMENTATIONS = YES;
				CLANG_WARN_DIRECT_OBJC_ISA_USAGE = YES_ERROR;
				CLANG_WARN_DOCUMENTATION_COMMENTS = YES;
				CLANG_WARN_EMPTY_BODY = YES;
				CLANG_WARN_ENUM_CONVERSION = YES;
				CLANG_WARN_INFINITE_RECURSION = YES;
				CLANG_WARN_INT_CONVERSION = YES;
				CLANG_WARN_NON_LITERAL_NULL_CONVERSION = YES;
				CLANG_WARN_OBJC_IMPLICIT_RETAIN_SELF = YES;
				CLANG_WARN_OBJC_LITERAL_CONVERSION = YES;
				CLANG_WARN_OBJC_ROOT_CLASS = YES_ERROR;
				CLANG_WARN_QUOTED_INCLUDE_IN_FRAMEWORK_HEADER = YES;
				CLANG_WARN_RANGE_LOOP_ANALYSIS = YES;
				CLANG_WARN_STRICT_PROTOTYPES = YES;
				CLANG_WARN_SUSPICIOUS_MOVE = YES;
				CLANG_WARN_UNGUARDED_AVAILABILITY = YES_AGGRESSIVE;
				CLANG_WARN_UNREACHABLE_CODE = YES;
				CLANG_WARN__DUPLICATE_METHOD_MATCH = YES;
				COPY_PHASE_STRIP = NO;
				DEBUG_INFORMATION_FORMAT = "dwarf-with-dsym";
				ENABLE_NS_ASSERTIONS = NO;
				ENABLE_STRICT_OBJC_MSGSEND = YES;
				GCC_C_LANGUAGE_STANDARD = gnu11;
				GCC_NO_COMMON_BLOCKS = YES;
				GCC_WARN_64_TO_32_BIT_CONVERSION = YES;
				GCC_WARN_ABOUT_RETURN_TYPE = YES_ERROR;
				GCC_WARN_UNDECLARED_SELECTOR = YES;
				GCC_WARN_UNINITIALIZED_AUTOS = YES_AGGRESSIVE;
				GCC_WARN_UNUSED_FUNCTION = YES;
				GCC_WARN_UNUSED_VARIABLE = YES;
				IPHONEOS_DEPLOYMENT_TARGET = 14.4;
				MTL_ENABLE_DEBUG_INFO = NO;
				MTL_FAST_MATH = YES;
				SDKROOT = iphoneos;
				SWIFT_COMPILATION_MODE = wholemodule;
				SWIFT_OPTIMIZATION_LEVEL = "-O";
				VALIDATE_PRODUCT = YES;
			};
			name = Release;
		};
		84BCAD102620D1A60074062C /* Debug */ = {
			isa = XCBuildConfiguration;
			buildSettings = {
				ASSETCATALOG_COMPILER_APPICON_NAME = AppIcon;
				ASSETCATALOG_COMPILER_GLOBAL_ACCENT_COLOR_NAME = AccentColor;
				CODE_SIGN_STYLE = Automatic;
				DEVELOPMENT_TEAM = 832H9LUWZZ;
				INFOPLIST_FILE = LoggingScreen/Resources/Info.plist;
				LD_RUNPATH_SEARCH_PATHS = (
					"$(inherited)",
					"@executable_path/Frameworks",
				);
				PRODUCT_BUNDLE_IDENTIFIER = com.courses.ihome.LoggingScreen;
				PRODUCT_NAME = "$(TARGET_NAME)";
				SWIFT_VERSION = 5.0;
				TARGETED_DEVICE_FAMILY = "1,2";
			};
			name = Debug;
		};
		84BCAD112620D1A60074062C /* Release */ = {
			isa = XCBuildConfiguration;
			buildSettings = {
				ASSETCATALOG_COMPILER_APPICON_NAME = AppIcon;
				ASSETCATALOG_COMPILER_GLOBAL_ACCENT_COLOR_NAME = AccentColor;
				CODE_SIGN_STYLE = Automatic;
				DEVELOPMENT_TEAM = 832H9LUWZZ;
				INFOPLIST_FILE = LoggingScreen/Resources/Info.plist;
				LD_RUNPATH_SEARCH_PATHS = (
					"$(inherited)",
					"@executable_path/Frameworks",
				);
				PRODUCT_BUNDLE_IDENTIFIER = com.courses.ihome.LoggingScreen;
				PRODUCT_NAME = "$(TARGET_NAME)";
				SWIFT_VERSION = 5.0;
				TARGETED_DEVICE_FAMILY = "1,2";
			};
			name = Release;
		};
/* End XCBuildConfiguration section */

/* Begin XCConfigurationList section */
		84BCACF62620D1A50074062C /* Build configuration list for PBXProject "LoggingScreen" */ = {
			isa = XCConfigurationList;
			buildConfigurations = (
				84BCAD0D2620D1A60074062C /* Debug */,
				84BCAD0E2620D1A60074062C /* Release */,
			);
			defaultConfigurationIsVisible = 0;
			defaultConfigurationName = Release;
		};
		84BCAD0F2620D1A60074062C /* Build configuration list for PBXNativeTarget "LoggingScreen" */ = {
			isa = XCConfigurationList;
			buildConfigurations = (
				84BCAD102620D1A60074062C /* Debug */,
				84BCAD112620D1A60074062C /* Release */,
			);
			defaultConfigurationIsVisible = 0;
			defaultConfigurationName = Release;
		};
/* End XCConfigurationList section */
	};
	rootObject = 84BCACF32620D1A50074062C /* Project object */;
}
